
Microsoft Visual Studio Solution File, Format Version 12.00
# Visual Studio Express 2013 for Windows Desktop
VisualStudioVersion = 12.0.30723.0
MinimumVisualStudioVersion = 10.0.40219.1
Project("{FAE04EC0-301F-11D3-BF4B-00C04F79EFBC}") = "BinaryLogarithmCalculator.Domain", "BinaryLogarithmCalculator.Domain\BinaryLogarithmCalculator.Domain.csproj", "{3487D68C-B06B-4C8C-BF37-0BE49D242EBE}"
EndProject
Project("{FAE04EC0-301F-11D3-BF4B-00C04F79EFBC}") = "BinaryLogarithmCalculator.ConsoleUI", "BinaryLogarithmCalculator.ConsoleUI\BinaryLogarithmCalculator.ConsoleUI.csproj", "{4D3FC524-9010-4E73-89D0-029764F8395B}"
EndProject
Project("{FAE04EC0-301F-11D3-BF4B-00C04F79EFBC}") = "BinaryLogarithmCalculator.Test", "BinaryLogarithmCalculator.Test\BinaryLogarithmCalculator.Test.csproj", "{43D1FFB9-8128-4279-A614-491F92AF3D78}"
EndProject
Global
	GlobalSection(SolutionConfigurationPlatforms) = preSolution
		Debug|Any CPU = Debug|Any CPU
		Release|Any CPU = Release|Any CPU
	EndGlobalSection
	GlobalSection(ProjectConfigurationPlatforms) = postSolution
		{3487D68C-B06B-4C8C-BF37-0BE49D242EBE}.Debug|Any CPU.ActiveCfg = Debug|Any CPU
		{3487D68C-B06B-4C8C-BF37-0BE49D242EBE}.Debug|Any CPU.Build.0 = Debug|Any CPU
		{3487D68C-B06B-4C8C-BF37-0BE49D242EBE}.Release|Any CPU.ActiveCfg = Release|Any CPU
		{3487D68C-B06B-4C8C-BF37-0BE49D242EBE}.Release|Any CPU.Build.0 = Release|Any CPU
		{4D3FC524-9010-4E73-89D0-029764F8395B}.Debug|Any CPU.ActiveCfg = Debug|Any CPU
		{4D3FC524-9010-4E73-89D0-029764F8395B}.Debug|Any CPU.Build.0 = Debug|Any CPU
		{4D3FC524-9010-4E73-89D0-029764F8395B}.Release|Any CPU.ActiveCfg = Release|Any CPU
		{4D3FC524-9010-4E73-89D0-029764F8395B}.Release|Any CPU.Build.0 = Release|Any CPU
		{43D1FFB9-8128-4279-A614-491F92AF3D78}.Debug|Any CPU.ActiveCfg = Debug|Any CPU
		{43D1FFB9-8128-4279-A614-491F92AF3D78}.Debug|Any CPU.Build.0 = Debug|Any CPU
		{43D1FFB9-8128-4279-A614-491F92AF3D78}.Release|Any CPU.ActiveCfg = Release|Any CPU
		{43D1FFB9-8128-4279-A614-491F92AF3D78}.Release|Any CPU.Build.0 = Release|Any CPU
	EndGlobalSection
	GlobalSection(SolutionProperties) = preSolution
		HideSolutionNode = FALSE
	EndGlobalSection
EndGlobal
